// !$*UTF8*$!
{
	archiveVersion = 1;
	classes = {
	};
	objectVersion = 46;
	objects = {

/* Begin PBXFileReference section */
		6908E2B71642E2A800E27559 /* CurledViewBase.h */ = {isa = PBXFileReference; lastKnownFileType = sourcecode.c.h; path = CurledViewBase.h; sourceTree = "<group>"; };
		6908E2B81642E2A800E27559 /* CurledViewBase.m */ = {isa = PBXFileReference; lastKnownFileType = sourcecode.c.objc; path = CurledViewBase.m; sourceTree = "<group>"; };
		6908E2B91642E2A800E27559 /* UIButton+Curled.h */ = {isa = PBXFileReference; lastKnownFileType = sourcecode.c.h; path = "UIButton+Curled.h"; sourceTree = "<group>"; };
		6908E2BA1642E2A800E27559 /* UIButton+Curled.m */ = {isa = PBXFileReference; lastKnownFileType = sourcecode.c.objc; path = "UIButton+Curled.m"; sourceTree = "<group>"; };
		6908E2BB1642E2A800E27559 /* UIImageView+Curled.h */ = {isa = PBXFileReference; lastKnownFileType = sourcecode.c.h; path = "UIImageView+Curled.h"; sourceTree = "<group>"; };
		6908E2BC1642E2A800E27559 /* UIImageView+Curled.m */ = {isa = PBXFileReference; lastKnownFileType = sourcecode.c.objc; path = "UIImageView+Curled.m"; sourceTree = "<group>"; };
		6991AC5316396B9600A3FEE0 /* line.png */ = {isa = PBXFileReference; lastKnownFileType = image.png; path = line.png; sourceTree = "<group>"; };
		6991AC5416396B9600A3FEE0 /* no_avatar.jpeg */ = {isa = PBXFileReference; lastKnownFileType = image.jpeg; path = no_avatar.jpeg; sourceTree = "<group>"; };
		6991AC5516396B9600A3FEE0 /* lifeWords.png */ = {isa = PBXFileReference; lastKnownFileType = image.png; path = lifeWords.png; sourceTree = "<group>"; };
		6991AC5716396B9600A3FEE0 /* container_login.png */ = {isa = PBXFileReference; lastKnownFileType = image.png; path = container_login.png; sourceTree = "<group>"; };
		6991AC5816396B9600A3FEE0 /* container_login.psd */ = {isa = PBXFileReference; lastKnownFileType = file; path = container_login.psd; sourceTree = "<group>"; };
		6991AC5A16396B9600A3FEE0 /* 1.jpg */ = {isa = PBXFileReference; lastKnownFileType = image.jpeg; path = 1.jpg; sourceTree = "<group>"; };
		6991AC5B16396B9600A3FEE0 /* 2.jpg */ = {isa = PBXFileReference; lastKnownFileType = image.jpeg; path = 2.jpg; sourceTree = "<group>"; };
		6991AC5D16396B9600A3FEE0 /* container.png */ = {isa = PBXFileReference; lastKnownFileType = image.png; path = container.png; sourceTree = "<group>"; };
		6991AC5E16396B9600A3FEE0 /* container.psd */ = {isa = PBXFileReference; lastKnownFileType = file; path = container.psd; sourceTree = "<group>"; };
		6991AC5F16396B9600A3FEE0 /* separator.png */ = {isa = PBXFileReference; lastKnownFileType = image.png; path = separator.png; sourceTree = "<group>"; };
		6991AC6016396B9600A3FEE0 /* separator.psd */ = {isa = PBXFileReference; lastKnownFileType = file; path = separator.psd; sourceTree = "<group>"; };
		69C85A86163E41DD00F758AE /* UIGlossyButton.h */ = {isa = PBXFileReference; lastKnownFileType = sourcecode.c.h; path = UIGlossyButton.h; sourceTree = "<group>"; };
		69C85A87163E41DD00F758AE /* UIGlossyButton.m */ = {isa = PBXFileReference; lastKnownFileType = sourcecode.c.objc; path = UIGlossyButton.m; sourceTree = "<group>"; };
		69C85A88163E41DE00F758AE /* UIView+LayerEffects.h */ = {isa = PBXFileReference; lastKnownFileType = sourcecode.c.h; path = "UIView+LayerEffects.h"; sourceTree = "<group>"; };
		69C85A89163E41DE00F758AE /* UIView+LayerEffects.m */ = {isa = PBXFileReference; lastKnownFileType = sourcecode.c.objc; path = "UIView+LayerEffects.m"; sourceTree = "<group>"; };
/* End PBXFileReference section */

/* Begin PBXGroup section */
		6908E2B61642E2A800E27559 /* curledView */ = {
			isa = PBXGroup;
			children = (
				6908E2B71642E2A800E27559 /* CurledViewBase.h */,
				6908E2B81642E2A800E27559 /* CurledViewBase.m */,
				6908E2B91642E2A800E27559 /* UIButton+Curled.h */,
				6908E2BA1642E2A800E27559 /* UIButton+Curled.m */,
				6908E2BB1642E2A800E27559 /* UIImageView+Curled.h */,
				6908E2BC1642E2A800E27559 /* UIImageView+Curled.m */,
			);
			path = curledView;
			sourceTree = "<group>";
		};
		6991AC451639683300A3FEE0 = {
			isa = PBXGroup;
			children = (
				6908E2B61642E2A800E27559 /* curledView */,
				69C85A8B163E41F600F758AE /* UIGlossyButton */,
				6991AC5116396B9600A3FEE0 /* Graphics */,
			);
			sourceTree = "<group>";
		};
		6991AC5116396B9600A3FEE0 /* Graphics */ = {
			isa = PBXGroup;
			children = (
				6991AC5216396B9600A3FEE0 /* Extra Stuffs */,
				6991AC5516396B9600A3FEE0 /* lifeWords.png */,
				6991AC5616396B9600A3FEE0 /* Login */,
				6991AC5C16396B9600A3FEE0 /* Sign Up */,
			);
			path = Graphics;
			sourceTree = "<group>";
		};
		6991AC5216396B9600A3FEE0 /* Extra Stuffs */ = {
			isa = PBXGroup;
			children = (
				6991AC5316396B9600A3FEE0 /* line.png */,
				6991AC5416396B9600A3FEE0 /* no_avatar.jpeg */,
			);
			path = "Extra Stuffs";
			sourceTree = "<group>";
		};
		6991AC5616396B9600A3FEE0 /* Login */ = {
			isa = PBXGroup;
			children = (
				6991AC5716396B9600A3FEE0 /* container_login.png */,
				6991AC5816396B9600A3FEE0 /* container_login.psd */,
				6991AC5916396B9600A3FEE0 /* LoginWallpaper */,
			);
			path = Login;
			sourceTree = "<group>";
		};
		6991AC5916396B9600A3FEE0 /* LoginWallpaper */ = {
			isa = PBXGroup;
			children = (
				6991AC5A16396B9600A3FEE0 /* 1.jpg */,
				6991AC5B16396B9600A3FEE0 /* 2.jpg */,
			);
			path = LoginWallpaper;
			sourceTree = "<group>";
		};
		6991AC5C16396B9600A3FEE0 /* Sign Up */ = {
			isa = PBXGroup;
			children = (
				6991AC5D16396B9600A3FEE0 /* container.png */,
				6991AC5E16396B9600A3FEE0 /* container.psd */,
				6991AC5F16396B9600A3FEE0 /* separator.png */,
				6991AC6016396B9600A3FEE0 /* separator.psd */,
			);
			path = "Sign Up";
			sourceTree = "<group>";
		};
		69C85A8B163E41F600F758AE /* UIGlossyButton */ = {
			isa = PBXGroup;
			children = (
				69C85A86163E41DD00F758AE /* UIGlossyButton.h */,
				69C85A87163E41DD00F758AE /* UIGlossyButton.m */,
				69C85A88163E41DE00F758AE /* UIView+LayerEffects.h */,
				69C85A89163E41DE00F758AE /* UIView+LayerEffects.m */,
			);
			name = UIGlossyButton;
			sourceTree = "<group>";
		};
/* End PBXGroup section */

/* Begin PBXProject section */
		6991AC471639683300A3FEE0 /* Project object */ = {
			isa = PBXProject;
			attributes = {
				LastUpgradeCheck = 0450;
			};
			buildConfigurationList = 6991AC4A1639683300A3FEE0 /* Build configuration list for PBXProject "lifewords-sarath" */;
			compatibilityVersion = "Xcode 3.2";
			developmentRegion = English;
			hasScannedForEncodings = 0;
			knownRegions = (
				en,
			);
			mainGroup = 6991AC451639683300A3FEE0;
			projectDirPath = "";
			projectRoot = "";
			targets = (
			);
		};
/* End PBXProject section */

/* Begin XCBuildConfiguration section */
		6991AC4C1639683300A3FEE0 /* Debug */ = {
			isa = XCBuildConfiguration;
			buildSettings = {
			};
			name = Debug;
		};
		6991AC4D1639683300A3FEE0 /* Release */ = {
			isa = XCBuildConfiguration;
			buildSettings = {
			};
			name = Release;
		};
/* End XCBuildConfiguration section */

/* Begin XCConfigurationList section */
		6991AC4A1639683300A3FEE0 /* Build configuration list for PBXProject "lifewords-sarath" */ = {
			isa = XCConfigurationList;
			buildConfigurations = (
				6991AC4C1639683300A3FEE0 /* Debug */,
				6991AC4D1639683300A3FEE0 /* Release */,
			);
			defaultConfigurationIsVisible = 0;
			defaultConfigurationName = Release;
		};
/* End XCConfigurationList section */
	};
	rootObject = 6991AC471639683300A3FEE0 /* Project object */;
}
